
Microsoft Visual Studio Solution File, Format Version 12.00
# Visual Studio 15
VisualStudioVersion = 15.0.28010.2041
MinimumVisualStudioVersion = 10.0.40219.1
Project("{9A19103F-16F7-4668-BE54-9A1E7A4F7556}") = "TripitSyncFunctions", "TripitSyncFunctions\TripitSyncFunctions.csproj", "{1AFF46C1-F8F9-48CB-81C8-EF0A19D69157}"
EndProject
Global
	GlobalSection(SolutionConfigurationPlatforms) = preSolution
		Debug|Any CPU = Debug|Any CPU
		Debug|ARM = Debug|ARM
		Debug|x64 = Debug|x64
		Debug|x86 = Debug|x86
		Release|Any CPU = Release|Any CPU
		Release|ARM = Release|ARM
		Release|x64 = Release|x64
		Release|x86 = Release|x86
	EndGlobalSection
	GlobalSection(ProjectConfigurationPlatforms) = postSolution
		{1AFF46C1-F8F9-48CB-81C8-EF0A19D69157}.Debug|Any CPU.ActiveCfg = Debug|Any CPU
		{1AFF46C1-F8F9-48CB-81C8-EF0A19D69157}.Debug|Any CPU.Build.0 = Debug|Any CPU
		{1AFF46C1-F8F9-48CB-81C8-EF0A19D69157}.Debug|ARM.ActiveCfg = Debug|Any CPU
		{1AFF46C1-F8F9-48CB-81C8-EF0A19D69157}.Debug|ARM.Build.0 = Debug|Any CPU
		{1AFF46C1-F8F9-48CB-81C8-EF0A19D69157}.Debug|x64.ActiveCfg = Debug|Any CPU
		{1AFF46C1-F8F9-48CB-81C8-EF0A19D69157}.Debug|x64.Build.0 = Debug|Any CPU
		{1AFF46C1-F8F9-48CB-81C8-EF0A19D69157}.Debug|x86.ActiveCfg = Debug|Any CPU
		{1AFF46C1-F8F9-48CB-81C8-EF0A19D69157}.Debug|x86.Build.0 = Debug|Any CPU
		{1AFF46C1-F8F9-48CB-81C8-EF0A19D69157}.Release|Any CPU.ActiveCfg = Release|Any CPU
		{1AFF46C1-F8F9-48CB-81C8-EF0A19D69157}.Release|Any CPU.Build.0 = Release|Any CPU
		{1AFF46C1-F8F9-48CB-81C8-EF0A19D69157}.Release|ARM.ActiveCfg = Release|Any CPU
		{1AFF46C1-F8F9-48CB-81C8-EF0A19D69157}.Release|ARM.Build.0 = Release|Any CPU
		{1AFF46C1-F8F9-48CB-81C8-EF0A19D69157}.Release|x64.ActiveCfg = Release|Any CPU
		{1AFF46C1-F8F9-48CB-81C8-EF0A19D69157}.Release|x64.Build.0 = Release|Any CPU
		{1AFF46C1-F8F9-48CB-81C8-EF0A19D69157}.Release|x86.ActiveCfg = Release|Any CPU
		{1AFF46C1-F8F9-48CB-81C8-EF0A19D69157}.Release|x86.Build.0 = Release|Any CPU
	EndGlobalSection
	GlobalSection(SolutionProperties) = preSolution
		HideSolutionNode = FALSE
	EndGlobalSection
	GlobalSection(ExtensibilityGlobals) = postSolution
		SolutionGuid = {D04136CE-054B-475E-8F0B-493B5B357711}
	EndGlobalSection
EndGlobal
